
Microsoft Visual Studio Solution File, Format Version 12.00
# Visual Studio Version 17
VisualStudioVersion = 17.14.36717.8 d17.14
MinimumVisualStudioVersion = 10.0.40219.1
Project("{FAE04EC0-301F-11D3-BF4B-00C04F79EFBC}") = "ProyectoFinal", "ProyectoFinal\ProyectoFinal.csproj", "{DCD2BD29-C0C1-460A-BA31-1AB1B3277187}"
EndProject
Project("{FAE04EC0-301F-11D3-BF4B-00C04F79EFBC}") = "API", "API\API.csproj", "{997DECD8-4CE8-4B63-A3BE-B8874D27EF44}"
EndProject
Global
	GlobalSection(SolutionConfigurationPlatforms) = preSolution
		Debug|Any CPU = Debug|Any CPU
		Release|Any CPU = Release|Any CPU
	EndGlobalSection
	GlobalSection(ProjectConfigurationPlatforms) = postSolution
		{DCD2BD29-C0C1-460A-BA31-1AB1B3277187}.Debug|Any CPU.ActiveCfg = Debug|Any CPU
		{DCD2BD29-C0C1-460A-BA31-1AB1B3277187}.Debug|Any CPU.Build.0 = Debug|Any CPU
		{DCD2BD29-C0C1-460A-BA31-1AB1B3277187}.Release|Any CPU.ActiveCfg = Release|Any CPU
		{DCD2BD29-C0C1-460A-BA31-1AB1B3277187}.Release|Any CPU.Build.0 = Release|Any CPU
		{997DECD8-4CE8-4B63-A3BE-B8874D27EF44}.Debug|Any CPU.ActiveCfg = Debug|Any CPU
		{997DECD8-4CE8-4B63-A3BE-B8874D27EF44}.Debug|Any CPU.Build.0 = Debug|Any CPU
		{997DECD8-4CE8-4B63-A3BE-B8874D27EF44}.Release|Any CPU.ActiveCfg = Release|Any CPU
		{997DECD8-4CE8-4B63-A3BE-B8874D27EF44}.Release|Any CPU.Build.0 = Release|Any CPU
	EndGlobalSection
	GlobalSection(SolutionProperties) = preSolution
		HideSolutionNode = FALSE
	EndGlobalSection
	GlobalSection(ExtensibilityGlobals) = postSolution
		SolutionGuid = {F0741CE4-96D1-428A-AEEB-300D497A7777}
	EndGlobalSection
EndGlobal
