
Microsoft Visual Studio Solution File, Format Version 12.00
# Visual Studio Version 17
VisualStudioVersion = 17.14.36414.22 d17.14
MinimumVisualStudioVersion = 10.0.40219.1
Project("{FAE04EC0-301F-11D3-BF4B-00C04F79EFBC}") = "Laboratorio_2", "Laboratorio2\Laboratorio2.csproj", "{50D13CB2-BE6B-45B7-837A-C73752DF5F36}"
EndProject
Project("{FAE04EC0-301F-11D3-BF4B-00C04F79EFBC}") = "Laboratorio22", "Laboratorio22\Laboratorio22.csproj", "{B90F479C-6387-40BC-AA98-0F2E1732D324}"
EndProject
Global
	GlobalSection(SolutionConfigurationPlatforms) = preSolution
		Debug|Any CPU = Debug|Any CPU
		Release|Any CPU = Release|Any CPU
	EndGlobalSection
	GlobalSection(ProjectConfigurationPlatforms) = postSolution
		{50D13CB2-BE6B-45B7-837A-C73752DF5F36}.Debug|Any CPU.ActiveCfg = Debug|Any CPU
		{50D13CB2-BE6B-45B7-837A-C73752DF5F36}.Debug|Any CPU.Build.0 = Debug|Any CPU
		{50D13CB2-BE6B-45B7-837A-C73752DF5F36}.Release|Any CPU.ActiveCfg = Release|Any CPU
		{50D13CB2-BE6B-45B7-837A-C73752DF5F36}.Release|Any CPU.Build.0 = Release|Any CPU
		{B90F479C-6387-40BC-AA98-0F2E1732D324}.Debug|Any CPU.ActiveCfg = Debug|Any CPU
		{B90F479C-6387-40BC-AA98-0F2E1732D324}.Debug|Any CPU.Build.0 = Debug|Any CPU
		{B90F479C-6387-40BC-AA98-0F2E1732D324}.Release|Any CPU.ActiveCfg = Release|Any CPU
		{B90F479C-6387-40BC-AA98-0F2E1732D324}.Release|Any CPU.Build.0 = Release|Any CPU
	EndGlobalSection
	GlobalSection(SolutionProperties) = preSolution
		HideSolutionNode = FALSE
	EndGlobalSection
	GlobalSection(ExtensibilityGlobals) = postSolution
		SolutionGuid = {E9B64C74-8278-43EA-800A-6EF728C33D9B}
	EndGlobalSection
EndGlobal
