
Microsoft Visual Studio Solution File, Format Version 12.00
# Visual Studio Version 17
VisualStudioVersion = 17.14.36717.8
MinimumVisualStudioVersion = 10.0.40219.1
Project("{FAE04EC0-301F-11D3-BF4B-00C04F79EFBC}") = "Laboratorio20", "Laboratorio20\Laboratorio20.csproj", "{F003A0A7-D2E5-49BB-BD9B-3A7AD8052EB7}"
EndProject
Project("{FAE04EC0-301F-11D3-BF4B-00C04F79EFBC}") = "Laboratorio202", "Laboratorio202\Laboratorio202.csproj", "{C1455C20-38CF-4591-A5D6-B3C463357906}"
EndProject
Project("{FAE04EC0-301F-11D3-BF4B-00C04F79EFBC}") = "Laboratorio203", "Laboratorio203\Laboratorio203.csproj", "{D1EF6C88-39D9-44C9-924D-B8E2F65CC917}"
EndProject
Global
	GlobalSection(SolutionConfigurationPlatforms) = preSolution
		Debug|Any CPU = Debug|Any CPU
		Release|Any CPU = Release|Any CPU
	EndGlobalSection
	GlobalSection(ProjectConfigurationPlatforms) = postSolution
		{F003A0A7-D2E5-49BB-BD9B-3A7AD8052EB7}.Debug|Any CPU.ActiveCfg = Debug|Any CPU
		{F003A0A7-D2E5-49BB-BD9B-3A7AD8052EB7}.Debug|Any CPU.Build.0 = Debug|Any CPU
		{F003A0A7-D2E5-49BB-BD9B-3A7AD8052EB7}.Release|Any CPU.ActiveCfg = Release|Any CPU
		{F003A0A7-D2E5-49BB-BD9B-3A7AD8052EB7}.Release|Any CPU.Build.0 = Release|Any CPU
		{C1455C20-38CF-4591-A5D6-B3C463357906}.Debug|Any CPU.ActiveCfg = Debug|Any CPU
		{C1455C20-38CF-4591-A5D6-B3C463357906}.Debug|Any CPU.Build.0 = Debug|Any CPU
		{C1455C20-38CF-4591-A5D6-B3C463357906}.Release|Any CPU.ActiveCfg = Release|Any CPU
		{C1455C20-38CF-4591-A5D6-B3C463357906}.Release|Any CPU.Build.0 = Release|Any CPU
		{D1EF6C88-39D9-44C9-924D-B8E2F65CC917}.Debug|Any CPU.ActiveCfg = Debug|Any CPU
		{D1EF6C88-39D9-44C9-924D-B8E2F65CC917}.Debug|Any CPU.Build.0 = Debug|Any CPU
		{D1EF6C88-39D9-44C9-924D-B8E2F65CC917}.Release|Any CPU.ActiveCfg = Release|Any CPU
		{D1EF6C88-39D9-44C9-924D-B8E2F65CC917}.Release|Any CPU.Build.0 = Release|Any CPU
	EndGlobalSection
	GlobalSection(SolutionProperties) = preSolution
		HideSolutionNode = FALSE
	EndGlobalSection
	GlobalSection(ExtensibilityGlobals) = postSolution
		SolutionGuid = {C1C1DF08-D5C0-42B6-83E2-9E1A01EFF7A8}
	EndGlobalSection
EndGlobal
