
Microsoft Visual Studio Solution File, Format Version 12.00
# Visual Studio Version 17
VisualStudioVersion = 17.14.36717.8 d17.14
MinimumVisualStudioVersion = 10.0.40219.1
Project("{FAE04EC0-301F-11D3-BF4B-00C04F79EFBC}") = "Laboratorio18", "Laboratorio18\Laboratorio18.csproj", "{08D0F564-CC72-4C46-8A80-CA9F30DE34E9}"
EndProject
Project("{FAE04EC0-301F-11D3-BF4B-00C04F79EFBC}") = "Laboratorio181", "Laboratorio181\Laboratorio181.csproj", "{1898DB28-DFDA-4E08-BAFF-CE385FC6561E}"
EndProject
Global
	GlobalSection(SolutionConfigurationPlatforms) = preSolution
		Debug|Any CPU = Debug|Any CPU
		Release|Any CPU = Release|Any CPU
	EndGlobalSection
	GlobalSection(ProjectConfigurationPlatforms) = postSolution
		{08D0F564-CC72-4C46-8A80-CA9F30DE34E9}.Debug|Any CPU.ActiveCfg = Debug|Any CPU
		{08D0F564-CC72-4C46-8A80-CA9F30DE34E9}.Debug|Any CPU.Build.0 = Debug|Any CPU
		{08D0F564-CC72-4C46-8A80-CA9F30DE34E9}.Release|Any CPU.ActiveCfg = Release|Any CPU
		{08D0F564-CC72-4C46-8A80-CA9F30DE34E9}.Release|Any CPU.Build.0 = Release|Any CPU
		{1898DB28-DFDA-4E08-BAFF-CE385FC6561E}.Debug|Any CPU.ActiveCfg = Debug|Any CPU
		{1898DB28-DFDA-4E08-BAFF-CE385FC6561E}.Debug|Any CPU.Build.0 = Debug|Any CPU
		{1898DB28-DFDA-4E08-BAFF-CE385FC6561E}.Release|Any CPU.ActiveCfg = Release|Any CPU
		{1898DB28-DFDA-4E08-BAFF-CE385FC6561E}.Release|Any CPU.Build.0 = Release|Any CPU
	EndGlobalSection
	GlobalSection(SolutionProperties) = preSolution
		HideSolutionNode = FALSE
	EndGlobalSection
	GlobalSection(ExtensibilityGlobals) = postSolution
		SolutionGuid = {55990D1C-E6D3-4D93-A58C-2305D57877BB}
	EndGlobalSection
EndGlobal
